
Microsoft Visual Studio Solution File, Format Version 12.00
# Visual Studio Version 16
VisualStudioVersion = 16.0.30907.101
MinimumVisualStudioVersion = 10.0.40219.1
Project("{FAE04EC0-301F-11D3-BF4B-00C04F79EFBC}") = "MyDictionaryDemo1", "MyDictionaryDemo1\MyDictionaryDemo1.csproj", "{A3EC5129-072F-4F6E-988D-832F407D95DF}"
EndProject
Global
	GlobalSection(SolutionConfigurationPlatforms) = preSolution
		Debug|Any CPU = Debug|Any CPU
		Release|Any CPU = Release|Any CPU
	EndGlobalSection
	GlobalSection(ProjectConfigurationPlatforms) = postSolution
		{A3EC5129-072F-4F6E-988D-832F407D95DF}.Debug|Any CPU.ActiveCfg = Debug|Any CPU
		{A3EC5129-072F-4F6E-988D-832F407D95DF}.Debug|Any CPU.Build.0 = Debug|Any CPU
		{A3EC5129-072F-4F6E-988D-832F407D95DF}.Release|Any CPU.ActiveCfg = Release|Any CPU
		{A3EC5129-072F-4F6E-988D-832F407D95DF}.Release|Any CPU.Build.0 = Release|Any CPU
	EndGlobalSection
	GlobalSection(SolutionProperties) = preSolution
		HideSolutionNode = FALSE
	EndGlobalSection
	GlobalSection(ExtensibilityGlobals) = postSolution
		SolutionGuid = {4780BDE0-E4FF-4A88-A6A1-109E12D9FF4F}
	EndGlobalSection
EndGlobal
